# This file is automatically @generated by Cargo.
# It is not intended for manual editing.
version = 4

[[package]]
name = "admin-service"
version = "0.1.0"

[[package]]
name = "cluster-ops"
version = "0.1.0"

[[package]]
name = "economy-service"
version = "0.1.0"

[[package]]
name = "match-service"
version = "0.1.0"

[[package]]
name = "player-service"
version = "0.1.0"

[[package]]
name = "rgs-hello"
version = "0.1.0"

[[package]]
name = "shared-platform"
version = "0.1.0"

[[package]]
name = "social-service"
version = "0.1.0"
